# This file was autogenerated by Stack.
# You should not edit this file by hand.
# For more information, please see the documentation at:
#   https://docs.haskellstack.org/en/stable/lock_files

packages:
- completed:
    hackage: optics-core-0.3@sha256:0464583aaef715f8e48b8c9ce3fab9866345de93e740dae32d5c5e9a57097bf7,4532
    pantry-tree:
      size: 5030
      sha256: d87366c3a2d4099a7a1d54df029a38e24b591ba8fb88d56fabf0c5c4bc345a51
  original:
    hackage: optics-core-0.3
- completed:
    hackage: optics-th-0.3@sha256:b4746b3d142feb2dc9dfcf76b49a11fd04321aa0ee9c1bcd297c5e8dc393803c,1965
    pantry-tree:
      size: 653
      sha256: 24e990405793450726f6364034614c715537b0ed3f21fafc9ce0267979feb01b
  original:
    hackage: optics-th-0.3
- completed:
    hackage: optics-extra-0.3@sha256:99696d87a92025e5f8d02e418b7851115e30a3d1425fba4afb6d41a0445cddd5,3492
    pantry-tree:
      size: 1809
      sha256: 4d07622a2f3f62882de4f431d7f600053a8b461d5aa372c7ae596b672efab644
  original:
    hackage: optics-extra-0.3
- completed:
    hackage: indexed-profunctors-0.1@sha256:ddf618d0d4c58319c1e735e746bc69a1021f13b6f475dc9614b80af03432e6d4,1016
    pantry-tree:
      size: 235
      sha256: cfd66c0a53be1b45eae72df112ea1158614458bb7b1c9cbbe3410b04ab011ec6
  original:
    hackage: indexed-profunctors-0.1
- completed:
    hackage: insert-ordered-containers-0.2.3.1@sha256:003307d51ba47411ead1f79b8559569b220723aea7439341d16980213f7520e9,2324
    pantry-tree:
      size: 541
      sha256: c5b7b2a76cb090a990e9abbc671cb8913859925f230cd37ab1691ddca301fe06
  original:
    hackage: insert-ordered-containers-0.2.3.1
snapshots:
- completed:
    size: 534126
    url: https://raw.githubusercontent.com/commercialhaskell/stackage-snapshots/master/lts/16/31.yaml
    sha256: 637fb77049b25560622a224845b7acfe81a09fdb6a96a3c75997a10b651667f6
  original: lts-16.31
